
Microsoft Visual Studio Solution File, Format Version 12.00
# Visual Studio Version 17
VisualStudioVersion = 17.4.33122.133
MinimumVisualStudioVersion = 10.0.40219.1
Project("{FAE04EC0-301F-11D3-BF4B-00C04F79EFBC}") = "DockerAppinAzure", "DockerAppinAzure\DockerAppinAzure.csproj", "{96F191DA-EFBE-4C46-B97E-332CB6B217E1}"
EndProject
Project("{FAE04EC0-301F-11D3-BF4B-00C04F79EFBC}") = "MVCUI", "MVCUI\MVCUI.csproj", "{1AFB8F02-7E8F-4F94-BBB9-D1673982BAB2}"
EndProject
Project("{E53339B2-1760-4266-BCC7-CA923CBCF16C}") = "docker-compose", "docker-compose.dcproj", "{A4F1AD69-7F59-4F3F-A0E7-33AB1AB295D9}"
EndProject
Global
	GlobalSection(SolutionConfigurationPlatforms) = preSolution
		Debug|Any CPU = Debug|Any CPU
		Release|Any CPU = Release|Any CPU
	EndGlobalSection
	GlobalSection(ProjectConfigurationPlatforms) = postSolution
		{96F191DA-EFBE-4C46-B97E-332CB6B217E1}.Debug|Any CPU.ActiveCfg = Debug|Any CPU
		{96F191DA-EFBE-4C46-B97E-332CB6B217E1}.Debug|Any CPU.Build.0 = Debug|Any CPU
		{96F191DA-EFBE-4C46-B97E-332CB6B217E1}.Release|Any CPU.ActiveCfg = Release|Any CPU
		{96F191DA-EFBE-4C46-B97E-332CB6B217E1}.Release|Any CPU.Build.0 = Release|Any CPU
		{1AFB8F02-7E8F-4F94-BBB9-D1673982BAB2}.Debug|Any CPU.ActiveCfg = Debug|Any CPU
		{1AFB8F02-7E8F-4F94-BBB9-D1673982BAB2}.Debug|Any CPU.Build.0 = Debug|Any CPU
		{1AFB8F02-7E8F-4F94-BBB9-D1673982BAB2}.Release|Any CPU.ActiveCfg = Release|Any CPU
		{1AFB8F02-7E8F-4F94-BBB9-D1673982BAB2}.Release|Any CPU.Build.0 = Release|Any CPU
		{A4F1AD69-7F59-4F3F-A0E7-33AB1AB295D9}.Debug|Any CPU.ActiveCfg = Debug|Any CPU
		{A4F1AD69-7F59-4F3F-A0E7-33AB1AB295D9}.Debug|Any CPU.Build.0 = Debug|Any CPU
		{A4F1AD69-7F59-4F3F-A0E7-33AB1AB295D9}.Release|Any CPU.ActiveCfg = Release|Any CPU
		{A4F1AD69-7F59-4F3F-A0E7-33AB1AB295D9}.Release|Any CPU.Build.0 = Release|Any CPU
	EndGlobalSection
	GlobalSection(SolutionProperties) = preSolution
		HideSolutionNode = FALSE
	EndGlobalSection
	GlobalSection(ExtensibilityGlobals) = postSolution
		SolutionGuid = {38680B1C-583F-408F-969D-FCD921A2DDCF}
	EndGlobalSection
EndGlobal
